{
  "name": "poke-searcher",
  "version": "1.0.0",
  "lockfileVersion": 1,
  "requires": true,
  "dependencies": {
    "strip-bom": {
      "version": "5.0.0",
      "resolved": "https://registry.npmjs.org/strip-bom/-/strip-bom-5.0.0.tgz",
      "integrity": "sha512-p+byADHF7SzEcVnLvc/r3uognM1hUhObuHXxJcgLCfD194XAkaLbjq3Wzb0N5G2tgIjH0dgT708Z51QxMeu60A=="
    }
  }
}
